
Microsoft Visual Studio Solution File, Format Version 12.00
# Visual Studio Version 16
VisualStudioVersion = 16.0.29613.14
MinimumVisualStudioVersion = 10.0.40219.1
Project("{FAE04EC0-301F-11D3-BF4B-00C04F79EFBC}") = "ASPshop", "ASPshop\ASPshop.csproj", "{30A7B300-64C9-43ED-A462-07C04735536A}"
EndProject
Global
	GlobalSection(SolutionConfigurationPlatforms) = preSolution
		Debug|Any CPU = Debug|Any CPU
		Release|Any CPU = Release|Any CPU
	EndGlobalSection
	GlobalSection(ProjectConfigurationPlatforms) = postSolution
		{30A7B300-64C9-43ED-A462-07C04735536A}.Debug|Any CPU.ActiveCfg = Debug|Any CPU
		{30A7B300-64C9-43ED-A462-07C04735536A}.Debug|Any CPU.Build.0 = Debug|Any CPU
		{30A7B300-64C9-43ED-A462-07C04735536A}.Release|Any CPU.ActiveCfg = Release|Any CPU
		{30A7B300-64C9-43ED-A462-07C04735536A}.Release|Any CPU.Build.0 = Release|Any CPU
	EndGlobalSection
	GlobalSection(SolutionProperties) = preSolution
		HideSolutionNode = FALSE
	EndGlobalSection
	GlobalSection(ExtensibilityGlobals) = postSolution
		SolutionGuid = {1D8DB990-14C4-4FCF-B05D-D4166BF07B72}
	EndGlobalSection
EndGlobal
